
Microsoft Visual Studio Solution File, Format Version 12.00
# Visual Studio Version 17
VisualStudioVersion = 17.9.34714.143
MinimumVisualStudioVersion = 10.0.40219.1
Project("{FAE04EC0-301F-11D3-BF4B-00C04F79EFBC}") = "ACA-SocketIOChatApplicationProto.Server", "ACA-SocketIOChatApplicationProto.Server\ACA-SocketIOChatApplicationProto.Server.csproj", "{5D1D6888-2BD2-455D-BB47-E5252D431EFD}"
EndProject
Project("{54A90642-561A-4BB1-A94E-469ADEE60C69}") = "aca-socketiochatapplicationproto.client", "aca-socketiochatapplicationproto.client\aca-socketiochatapplicationproto.client.esproj", "{B01FFADF-157D-4292-A0EB-C43D2B7174AE}"
EndProject
Global
	GlobalSection(SolutionConfigurationPlatforms) = preSolution
		Debug|Any CPU = Debug|Any CPU
		Release|Any CPU = Release|Any CPU
	EndGlobalSection
	GlobalSection(ProjectConfigurationPlatforms) = postSolution
		{5D1D6888-2BD2-455D-BB47-E5252D431EFD}.Debug|Any CPU.ActiveCfg = Debug|Any CPU
		{5D1D6888-2BD2-455D-BB47-E5252D431EFD}.Debug|Any CPU.Build.0 = Debug|Any CPU
		{5D1D6888-2BD2-455D-BB47-E5252D431EFD}.Release|Any CPU.ActiveCfg = Release|Any CPU
		{5D1D6888-2BD2-455D-BB47-E5252D431EFD}.Release|Any CPU.Build.0 = Release|Any CPU
		{B01FFADF-157D-4292-A0EB-C43D2B7174AE}.Debug|Any CPU.ActiveCfg = Debug|Any CPU
		{B01FFADF-157D-4292-A0EB-C43D2B7174AE}.Debug|Any CPU.Build.0 = Debug|Any CPU
		{B01FFADF-157D-4292-A0EB-C43D2B7174AE}.Debug|Any CPU.Deploy.0 = Debug|Any CPU
		{B01FFADF-157D-4292-A0EB-C43D2B7174AE}.Release|Any CPU.ActiveCfg = Release|Any CPU
		{B01FFADF-157D-4292-A0EB-C43D2B7174AE}.Release|Any CPU.Build.0 = Release|Any CPU
		{B01FFADF-157D-4292-A0EB-C43D2B7174AE}.Release|Any CPU.Deploy.0 = Release|Any CPU
	EndGlobalSection
	GlobalSection(SolutionProperties) = preSolution
		HideSolutionNode = FALSE
	EndGlobalSection
	GlobalSection(ExtensibilityGlobals) = postSolution
		SolutionGuid = {613BAA4F-6611-4D9B-8516-C4433A895B97}
	EndGlobalSection
EndGlobal
